
Microsoft Visual Studio Solution File, Format Version 12.00
# Visual Studio Version 17
VisualStudioVersion = 17.14.36429.23
MinimumVisualStudioVersion = 10.0.40219.1
Project("{FAE04EC0-301F-11D3-BF4B-00C04F79EFBC}") = "GetMinWidthAPI", "GetMinWidthAPI\GetMinWidthAPI.csproj", "{80726517-9151-4E6B-B30F-31BDCC2E2FF9}"
EndProject
Project("{FAE04EC0-301F-11D3-BF4B-00C04F79EFBC}") = "GetMinWidthAPITest", "GetMinWidthAPITest\GetMinWidthAPITest.csproj", "{BAC6334B-3DCB-48D2-ADD9-1C5C8997C402}"
EndProject
Global
	GlobalSection(SolutionConfigurationPlatforms) = preSolution
		Debug|Any CPU = Debug|Any CPU
		Release|Any CPU = Release|Any CPU
	EndGlobalSection
	GlobalSection(ProjectConfigurationPlatforms) = postSolution
		{80726517-9151-4E6B-B30F-31BDCC2E2FF9}.Debug|Any CPU.ActiveCfg = Debug|Any CPU
		{80726517-9151-4E6B-B30F-31BDCC2E2FF9}.Debug|Any CPU.Build.0 = Debug|Any CPU
		{80726517-9151-4E6B-B30F-31BDCC2E2FF9}.Release|Any CPU.ActiveCfg = Release|Any CPU
		{80726517-9151-4E6B-B30F-31BDCC2E2FF9}.Release|Any CPU.Build.0 = Release|Any CPU
		{BAC6334B-3DCB-48D2-ADD9-1C5C8997C402}.Debug|Any CPU.ActiveCfg = Debug|Any CPU
		{BAC6334B-3DCB-48D2-ADD9-1C5C8997C402}.Debug|Any CPU.Build.0 = Debug|Any CPU
		{BAC6334B-3DCB-48D2-ADD9-1C5C8997C402}.Release|Any CPU.ActiveCfg = Release|Any CPU
		{BAC6334B-3DCB-48D2-ADD9-1C5C8997C402}.Release|Any CPU.Build.0 = Release|Any CPU
	EndGlobalSection
	GlobalSection(SolutionProperties) = preSolution
		HideSolutionNode = FALSE
	EndGlobalSection
	GlobalSection(ExtensibilityGlobals) = postSolution
		SolutionGuid = {DE2A067A-CFF0-4A81-9FC0-7DD4CBEF64CC}
	EndGlobalSection
EndGlobal
